
Microsoft Visual Studio Solution File, Format Version 12.00
# Visual Studio 15
VisualStudioVersion = 15.0.27703.2035
MinimumVisualStudioVersion = 10.0.40219.1
Project("{9A19103F-16F7-4668-BE54-9A1E7A4F7556}") = "LocalizationResourceGenerator", "src\LocalizationResourceGenerator\LocalizationResourceGenerator.csproj", "{7231AFFB-9B4F-4CD8-A995-8921B46062F3}"
EndProject
Project("{9A19103F-16F7-4668-BE54-9A1E7A4F7556}") = "LocalizationResourceGeneratorSample", "samples\LocalizationResourceGeneratorSample\LocalizationResourceGeneratorSample.csproj", "{FE257DDC-2603-4FA3-A9C2-3326D23B35C8}"
EndProject
Global
	GlobalSection(SolutionConfigurationPlatforms) = preSolution
		Debug|Any CPU = Debug|Any CPU
		Release|Any CPU = Release|Any CPU
	EndGlobalSection
	GlobalSection(ProjectConfigurationPlatforms) = postSolution
		{7231AFFB-9B4F-4CD8-A995-8921B46062F3}.Debug|Any CPU.ActiveCfg = Debug|Any CPU
		{7231AFFB-9B4F-4CD8-A995-8921B46062F3}.Debug|Any CPU.Build.0 = Debug|Any CPU
		{7231AFFB-9B4F-4CD8-A995-8921B46062F3}.Release|Any CPU.ActiveCfg = Release|Any CPU
		{7231AFFB-9B4F-4CD8-A995-8921B46062F3}.Release|Any CPU.Build.0 = Release|Any CPU
		{FE257DDC-2603-4FA3-A9C2-3326D23B35C8}.Debug|Any CPU.ActiveCfg = Debug|Any CPU
		{FE257DDC-2603-4FA3-A9C2-3326D23B35C8}.Debug|Any CPU.Build.0 = Debug|Any CPU
		{FE257DDC-2603-4FA3-A9C2-3326D23B35C8}.Release|Any CPU.ActiveCfg = Release|Any CPU
		{FE257DDC-2603-4FA3-A9C2-3326D23B35C8}.Release|Any CPU.Build.0 = Release|Any CPU
	EndGlobalSection
	GlobalSection(SolutionProperties) = preSolution
		HideSolutionNode = FALSE
	EndGlobalSection
	GlobalSection(ExtensibilityGlobals) = postSolution
		SolutionGuid = {3F1003D3-7C88-4B39-B570-2EA59058943F}
	EndGlobalSection
EndGlobal
